
Microsoft Visual Studio Solution File, Format Version 12.00
# Visual Studio 14
VisualStudioVersion = 14.0.25420.1
MinimumVisualStudioVersion = 10.0.40219.1
Project("{FAE04EC0-301F-11D3-BF4B-00C04F79EFBC}") = "ConsoleApplication1", "ConsoleApplication1\ConsoleApplication1.csproj", "{1AB78E48-B59E-4D38-A419-81EFCD566101}"
EndProject
Project("{FAE04EC0-301F-11D3-BF4B-00C04F79EFBC}") = "ConsoleApplication1Tests", "ConsoleApplication1Tests\ConsoleApplication1Tests.csproj", "{51656266-3D51-44A7-A932-E40411656249}"
EndProject
Global
	GlobalSection(SolutionConfigurationPlatforms) = preSolution
		Debug|Any CPU = Debug|Any CPU
		Release|Any CPU = Release|Any CPU
	EndGlobalSection
	GlobalSection(ProjectConfigurationPlatforms) = postSolution
		{1AB78E48-B59E-4D38-A419-81EFCD566101}.Debug|Any CPU.ActiveCfg = Debug|Any CPU
		{1AB78E48-B59E-4D38-A419-81EFCD566101}.Debug|Any CPU.Build.0 = Debug|Any CPU
		{1AB78E48-B59E-4D38-A419-81EFCD566101}.Release|Any CPU.ActiveCfg = Release|Any CPU
		{1AB78E48-B59E-4D38-A419-81EFCD566101}.Release|Any CPU.Build.0 = Release|Any CPU
		{51656266-3D51-44A7-A932-E40411656249}.Debug|Any CPU.ActiveCfg = Debug|Any CPU
		{51656266-3D51-44A7-A932-E40411656249}.Debug|Any CPU.Build.0 = Debug|Any CPU
		{51656266-3D51-44A7-A932-E40411656249}.Release|Any CPU.ActiveCfg = Release|Any CPU
		{51656266-3D51-44A7-A932-E40411656249}.Release|Any CPU.Build.0 = Release|Any CPU
	EndGlobalSection
	GlobalSection(SolutionProperties) = preSolution
		HideSolutionNode = FALSE
	EndGlobalSection
EndGlobal
